Microsoft Visual Studio Solution File, Format Version 11.00
# Visual Studio 2008

Project("{94CB0DA5-DCE4-B304-2FA1-599720E66979}") = "ToanNhayDu", "Assembly-CSharp.csproj", "{A775B27D-4ADD-593D-9568-320FD99D693F}"
EndProject
Project("{94CB0DA5-DCE4-B304-2FA1-599720E66979}") = "ToanNhayDu", "Assembly-CSharp-Editor.csproj", "{04E3D9A5-3EFB-DA9A-E79C-34F6A304455B}"
EndProject
Global
	GlobalSection(SolutionConfigurationPlatforms) = preSolution
		Debug|Any CPU = Debug|Any CPU
		Release|Any CPU = Release|Any CPU
	EndGlobalSection
	GlobalSection(ProjectConfigurationPlatforms) = postSolution
		{A775B27D-4ADD-593D-9568-320FD99D693F}.Debug|Any CPU.ActiveCfg = Debug|Any CPU
		{A775B27D-4ADD-593D-9568-320FD99D693F}.Debug|Any CPU.Build.0 = Debug|Any CPU
		{A775B27D-4ADD-593D-9568-320FD99D693F}.Release|Any CPU.ActiveCfg = Release|Any CPU
		{A775B27D-4ADD-593D-9568-320FD99D693F}.Release|Any CPU.Build.0 = Release|Any CPU
		{04E3D9A5-3EFB-DA9A-E79C-34F6A304455B}.Debug|Any CPU.ActiveCfg = Debug|Any CPU
		{04E3D9A5-3EFB-DA9A-E79C-34F6A304455B}.Debug|Any CPU.Build.0 = Debug|Any CPU
		{04E3D9A5-3EFB-DA9A-E79C-34F6A304455B}.Release|Any CPU.ActiveCfg = Release|Any CPU
		{04E3D9A5-3EFB-DA9A-E79C-34F6A304455B}.Release|Any CPU.Build.0 = Release|Any CPU
	EndGlobalSection
	GlobalSection(SolutionProperties) = preSolution
		HideSolutionNode = FALSE
	EndGlobalSection
	GlobalSection(MonoDevelopProperties) = preSolution
		StartupItem = Assembly-CSharp.csproj
	EndGlobalSection
EndGlobal
